
Microsoft Visual Studio Solution File, Format Version 12.00
Project("{FAE04EC0-301F-11D3-BF4B-00C04F79EFBC}") = "MultiplayerLib", "MultiplayerLib\MultiplayerLib.csproj", "{C969F90F-A6EF-41F4-9238-9CD0EE3BE006}"
EndProject
Project("{FAE04EC0-301F-11D3-BF4B-00C04F79EFBC}") = "MatchMakerConsole", "MatchMakerConsole\MatchMakerConsole.csproj", "{A0594927-8E57-4F59-A5BE-A365416909C9}"
EndProject
Global
	GlobalSection(SolutionConfigurationPlatforms) = preSolution
		Debug|Any CPU = Debug|Any CPU
		Release|Any CPU = Release|Any CPU
	EndGlobalSection
	GlobalSection(ProjectConfigurationPlatforms) = postSolution
		{C969F90F-A6EF-41F4-9238-9CD0EE3BE006}.Debug|Any CPU.ActiveCfg = Debug|Any CPU
		{C969F90F-A6EF-41F4-9238-9CD0EE3BE006}.Debug|Any CPU.Build.0 = Debug|Any CPU
		{C969F90F-A6EF-41F4-9238-9CD0EE3BE006}.Release|Any CPU.ActiveCfg = Release|Any CPU
		{C969F90F-A6EF-41F4-9238-9CD0EE3BE006}.Release|Any CPU.Build.0 = Release|Any CPU
		{A0594927-8E57-4F59-A5BE-A365416909C9}.Debug|Any CPU.ActiveCfg = Debug|Any CPU
		{A0594927-8E57-4F59-A5BE-A365416909C9}.Debug|Any CPU.Build.0 = Debug|Any CPU
		{A0594927-8E57-4F59-A5BE-A365416909C9}.Release|Any CPU.ActiveCfg = Release|Any CPU
		{A0594927-8E57-4F59-A5BE-A365416909C9}.Release|Any CPU.Build.0 = Release|Any CPU
	EndGlobalSection
EndGlobal
